schema: '2.0'
stages:
  prepare_pile10k:
    cmd:
    - python data/prepare_pile10k.py
    deps:
    - path: data/prepare_pile10k.py
      hash: md5
      md5: 1c7879abbc08baaadbd11268b83994ae
      size: 1224
    outs:
    - path: data/pile10k_None.txt
      hash: md5
      md5: 1574c0e28ff0313dc8ee4b2342c6943a
      size: 61084719
  prepare_pile10k_cache:
    cmd:
    - python data/prepare_pile10k_cache.py --output out/prepare_pile10k_cache
    deps:
    - path: data/pile10k_None.txt
      hash: md5
      md5: 1574c0e28ff0313dc8ee4b2342c6943a
      size: 61084719
    - path: data/prepare_pile10k_cache.py
      hash: md5
      md5: d360347c7c4922fd491a9df2d6151ddc
      size: 2286
    outs:
    - path: out/prepare_pile10k_cache
      hash: md5
      md5: 284f1404d5ce6e7aeefbbeab013234bc
      size: 118745867
  collect_kfac:
    cmd: python data/collect_kfac_bergson.py --model allenai/OLMo-2-1124-7B 
      --save_dir out/collect_kfac/bergson/7b --device cuda --dtype bfloat16 
      --corpus dolmo --nbytes 100000000 --seq_len 512 --target_blocks 23 24 25 
      --layers_per_pass 3 --batch_size 36 --method kfac --calibration_mix 
      dolmino_50B --sample_labels --fsdp --world_size 8
    deps:
    - path: data/collect_kfac_bergson.py
      hash: md5
      md5: ac2960670eb391e450d6135f76363c92
      size: 8128
    - path: pyproject.toml
      hash: md5
      md5: d578dff77c956da77a5b1bfd85bbd735
      size: 1252
    outs:
    - path: out/collect_kfac/bergson/7b
      hash: md5
      md5: 089da9e8db41e6330ee9d3ca0030e653.dir
      size: 13179075196
      nfiles: 52
  baseline_cache:
    cmd: MEM_KFAC_CACHE_DIR=out/baseline_cache/7b/cache 
      MEM_EVAL_PT_CACHE=out/prepare_pile10k_cache python 
      evaluations/eval_mem_kfac.py --model-size 7b --results-tag baseline_7b 
      --results-dir metrics_out/baseline_cache/7b --only-baseline --baseline 
      out/baseline_cache/7b --perplexity --bs 96
    deps:
    - path: data/baseline_generator.py
      hash: md5
      md5: 597d67f3631eeb45059dcf12014ad606
      size: 11894
    - path: data/pile10k_None.txt
      hash: md5
      md5: 1574c0e28ff0313dc8ee4b2342c6943a
      size: 61084719
    - path: evaluations/eval_mem_kfac.py
      hash: md5
      md5: 6db58786449c9701a62ac875495f9de8
      size: 39304
    - path: metrics/
      hash: md5
      md5: 09bafa932719557855e7534ecc6a4322.dir
      size: 76907
      nfiles: 7
    - path: out/prepare_pile10k_cache
      hash: md5
      md5: 284f1404d5ce6e7aeefbbeab013234bc
      size: 118745867
    outs:
    - path: metrics_out/baseline_cache/7b/baseline_eval_log_7b_baseline_7b.jsonl
      hash: md5
      md5: e72922a8bba93ffc61e3d2a2ba51b412
      size: 1040
    - path: out/baseline_cache/7b
      hash: md5
      md5: 4239a8d8cfa5f9fcb73e8bbe4d404d98.dir
      size: 7979400
      nfiles: 1
  eval_kfac:
    cmd: "MEM_KFAC_FACTORS_ROOT=out/collect_kfac/bergson/7b MEM_KFAC_CACHE_DIR=out/eval_kfac/bergson/7b/cache
      MEM_EVAL_PT_CACHE=out/prepare_pile10k_cache MEM_EVAL_EDITED_ROOT=out/eval_kfac/bergson/7b/model
      python evaluations/eval_mem_kfac.py --model-size 7b --results-tag 7b --results-dir
      metrics_out/eval_kfac/bergson/7b --use-cache --refresh-cache --perplexity --skip-baseline
      --baseline out/baseline_cache/7b --layers-json '{\"23\": {\"gate\": 0.75, \"\
      up\": 0.75, \"down\": 1.0}, \"24\": {\"gate\": 0.75, \"up\": 0.75, \"down\"\
      : 1.0}, \"25\": {\"gate\": 0.75, \"up\": 0.75, \"down\": 1.0}}' --bs 96 --bergson-factors
      out/collect_kfac/bergson/7b --eigenvalue-corrections --weight-coefficients  "
    deps:
    - path: data/pile10k_None.txt
      hash: md5
      md5: 1574c0e28ff0313dc8ee4b2342c6943a
      size: 61084719
    - path: evaluations/eval_mem_kfac.py
      hash: md5
      md5: 6db58786449c9701a62ac875495f9de8
      size: 39304
    - path: kfac_treatment_pairwise.py
      hash: md5
      md5: 44e666634b30f9ce1fcc0d5ddc0c5f8a
      size: 28387
    - path: metrics/
      hash: md5
      md5: 09bafa932719557855e7534ecc6a4322.dir
      size: 76907
      nfiles: 7
    - path: out/baseline_cache/7b
      hash: md5
      md5: 4239a8d8cfa5f9fcb73e8bbe4d404d98.dir
      size: 7979400
      nfiles: 1
    - path: out/collect_kfac/bergson/7b
      hash: md5
      md5: 089da9e8db41e6330ee9d3ca0030e653.dir
      size: 13179075196
      nfiles: 52
    - path: out/prepare_pile10k_cache
      hash: md5
      md5: 284f1404d5ce6e7aeefbbeab013234bc
      size: 118745867
    outs:
    - path: metrics_out/eval_kfac/bergson/7b/kfac_eval_log_7b_7b.jsonl
      hash: md5
      md5: 06abae99d20a0d91ffd4d290af22cdfd
      size: 1222
    - path: out/eval_kfac/bergson/7b
      hash: md5
      md5: 3aad327e4440088d7e65c46c997aa8ba.dir
      size: 15145494887
      nfiles: 11
  benchmark:
    cmd: PYTORCH_CUDA_ALLOC_CONF=expandable_segments:True uvx --python 3.11 
      --from "ai2-olmes[gpu] @ 
      git+https://github.com/BrownianNotion/olmes.git@362c59dbbf5d250e2d2fc88a74e633b4a6da215a"
      --with setuptools==80.10.2 olmes --model out/eval_kfac/bergson/7b/model 
      --task winogrande:rc::olmes --batch-size 128 --output-dir 
      out/benchmark/bergson/7b/winogrande:rc::olmes && python 
      evaluations/extract_olmes_metrics.py 
      out/benchmark/bergson/7b/winogrande:rc::olmes/metrics.json 
      metrics_out/benchmark/bergson/7b/winogrande:rc::olmes.json
    deps:
    - path: out/eval_kfac/bergson/7b
      hash: md5
      md5: 3aad327e4440088d7e65c46c997aa8ba.dir
      size: 15145494887
      nfiles: 11
    outs:
    - path: metrics_out/benchmark/bergson/7b/winogrande:rc::olmes.json
      hash: md5
      md5: fd5379d7d16866685d1095504231297c
      size: 44
    - path: out/benchmark/bergson/7b/winogrande:rc::olmes
      hash: md5
      md5: f77b5c759a573fec463f220d316ba6f8.dir
      size: 3778541
      nfiles: 6
