schema: '2.0'
stages:
  prepare_pile10k:
    cmd:
    - python data/prepare_pile10k.py
    deps:
    - path: data/prepare_pile10k.py
      hash: md5
      md5: 1c7879abbc08baaadbd11268b83994ae
      size: 1224
    outs:
    - path: data/pile10k_None.txt
      hash: md5
      md5: 1574c0e28ff0313dc8ee4b2342c6943a
      size: 61084719
  prepare_pile10k_cache:
    cmd:
    - python data/prepare_pile10k_cache.py --output out/prepare_pile10k_cache
    deps:
    - path: data/pile10k_None.txt
      hash: md5
      md5: 1574c0e28ff0313dc8ee4b2342c6943a
      size: 61084719
    - path: data/prepare_pile10k_cache.py
      hash: md5
      md5: d360347c7c4922fd491a9df2d6151ddc
      size: 2286
    outs:
    - path: out/prepare_pile10k_cache
      hash: md5
      md5: 7fabd4a046a404a90c128bc0b45d9284
      size: 121973259
  collect_kfac:
    cmd: python data/collect_kfac_bergson.py --model allenai/OLMo-2-1124-7B 
      --save_dir out/collect_kfac/foof/7b --device cuda --dtype bfloat16 
      --corpus dolmo --nbytes 100000000 --seq_len 512 --target_blocks 23 24 25 
      --layers_per_pass 3 --batch_size 36 --method foof --calibration_mix 
      first_n --sample_labels --fsdp --world_size 8
    deps:
    - path: data/collect_kfac_bergson.py
      hash: md5
      md5: ac2960670eb391e450d6135f76363c92
      size: 8128
    - path: pyproject.toml
      hash: md5
      md5: 28bc31d24634d947a2f784e71d0456fa
      size: 1573
    outs:
    - path: out/collect_kfac/foof/7b
      hash: md5
      md5: c11f3827b31460a6fd72ede97064d448.dir
      size: 13179075196
      nfiles: 52
  baseline_cache:
    cmd: MEM_KFAC_CACHE_DIR=out/baseline_cache/7b/cache 
      MEM_EVAL_PT_CACHE=out/prepare_pile10k_cache python 
      evaluations/eval_mem_kfac.py --model-size 7b --results-tag baseline_7b 
      --results-dir metrics_out/baseline_cache/7b --only-baseline --baseline 
      out/baseline_cache/7b --perplexity --bs 96
    deps:
    - path: data/baseline_generator.py
      hash: md5
      md5: 597d67f3631eeb45059dcf12014ad606
      size: 11894
    - path: data/pile10k_None.txt
      hash: md5
      md5: 1574c0e28ff0313dc8ee4b2342c6943a
      size: 61084719
    - path: evaluations/eval_mem_kfac.py
      hash: md5
      md5: 6db58786449c9701a62ac875495f9de8
      size: 39304
    - path: metrics/
      hash: md5
      md5: 09bafa932719557855e7534ecc6a4322.dir
      size: 76907
      nfiles: 7
    - path: out/prepare_pile10k_cache
      hash: md5
      md5: 7fabd4a046a404a90c128bc0b45d9284
      size: 121973259
    outs:
    - path: metrics_out/baseline_cache/7b/baseline_eval_log_7b_baseline_7b.jsonl
      hash: md5
      md5: 368a74c7657affd49f3503b897e49e4e
      size: 1025
    - path: out/baseline_cache/7b
      hash: md5
      md5: 08ab4d75a4dfebd9c3333f758f8a910b.dir
      size: 7979400
      nfiles: 1
  eval_kfac:
    cmd: "MEM_KFAC_FACTORS_ROOT=out/collect_kfac/foof/7b MEM_KFAC_CACHE_DIR=out/eval_kfac/foof/7b/cache
      MEM_EVAL_PT_CACHE=out/prepare_pile10k_cache MEM_EVAL_EDITED_ROOT=out/eval_kfac/foof/7b/model
      python evaluations/eval_mem_kfac.py --model-size 7b --results-tag 7b --results-dir
      metrics_out/eval_kfac/foof/7b --use-cache --refresh-cache --perplexity --skip-baseline
      --baseline out/baseline_cache/7b --layers-json '{\"23\": {\"gate\": 0.5, \"\
      up\": 0.5, \"down\": 1.0}, \"24\": {\"gate\": 0.5, \"up\": 0.5, \"down\": 1.0},
      \"25\": {\"gate\": 0.5, \"up\": 0.5, \"down\": 1.0}}' --bs 96 --bergson-factors
      out/collect_kfac/foof/7b --eigenvalue-corrections --weight-coefficients  --foof"
    deps:
    - path: data/pile10k_None.txt
      hash: md5
      md5: 1574c0e28ff0313dc8ee4b2342c6943a
      size: 61084719
    - path: evaluations/eval_mem_kfac.py
      hash: md5
      md5: 6db58786449c9701a62ac875495f9de8
      size: 39304
    - path: kfac_treatment_pairwise.py
      hash: md5
      md5: 44e666634b30f9ce1fcc0d5ddc0c5f8a
      size: 28387
    - path: metrics/
      hash: md5
      md5: 09bafa932719557855e7534ecc6a4322.dir
      size: 76907
      nfiles: 7
    - path: out/baseline_cache/7b
      hash: md5
      md5: 08ab4d75a4dfebd9c3333f758f8a910b.dir
      size: 7979400
      nfiles: 1
    - path: out/collect_kfac/foof/7b
      hash: md5
      md5: c11f3827b31460a6fd72ede97064d448.dir
      size: 13179075196
      nfiles: 52
    - path: out/prepare_pile10k_cache
      hash: md5
      md5: 7fabd4a046a404a90c128bc0b45d9284
      size: 121973259
    outs:
    - path: metrics_out/eval_kfac/foof/7b/kfac_eval_log_7b_7b.jsonl
      hash: md5
      md5: b7b4989c4af38b967a75472bc8e7b65a
      size: 1215
    - path: out/eval_kfac/foof/7b
      hash: md5
      md5: bd65e3f5904c151469c4ec62e1976ac7.dir
      size: 15145495141
      nfiles: 11
  benchmark:
    cmd: PYTORCH_CUDA_ALLOC_CONF=expandable_segments:True uvx --python 3.11 
      --from "ai2-olmes[gpu] @ 
      git+https://github.com/BrownianNotion/olmes.git@362c59dbbf5d250e2d2fc88a74e633b4a6da215a"
      --with setuptools==80.10.2 olmes --model out/eval_kfac/foof/7b/model 
      --task gsm8k::olmes --batch-size 28 --output-dir 
      out/benchmark/foof/7b/gsm8k::olmes && python 
      evaluations/extract_olmes_metrics.py 
      out/benchmark/foof/7b/gsm8k::olmes/metrics.json 
      metrics_out/benchmark/foof/7b/gsm8k::olmes.json
    deps:
    - path: out/eval_kfac/foof/7b
      hash: md5
      md5: bd65e3f5904c151469c4ec62e1976ac7.dir
      size: 15145495141
      nfiles: 11
    outs:
    - path: metrics_out/benchmark/foof/7b/gsm8k::olmes.json
      hash: md5
      md5: 667837c372d3a26cb562b841f3444c19
      size: 37
    - path: out/benchmark/foof/7b/gsm8k::olmes
      hash: md5
      md5: ddaa1ccade5d110c55bfa8bab2a303bd.dir
      size: 6731989
      nfiles: 6
