schema: '2.0'
stages:
  prepare_pile10k:
    cmd:
    - python data/prepare_pile10k.py
    deps:
    - path: data/prepare_pile10k.py
      hash: md5
      md5: 1c7879abbc08baaadbd11268b83994ae
      size: 1224
    outs:
    - path: data/pile10k_None.txt
      hash: md5
      md5: 1574c0e28ff0313dc8ee4b2342c6943a
      size: 61084719
  prepare_pile10k_cache:
    cmd:
    - python data/prepare_pile10k_cache.py --output out/prepare_pile10k_cache
    deps:
    - path: data/pile10k_None.txt
      hash: md5
      md5: 1574c0e28ff0313dc8ee4b2342c6943a
      size: 61084719
    - path: data/prepare_pile10k_cache.py
      hash: md5
      md5: d360347c7c4922fd491a9df2d6151ddc
      size: 2286
    - path: pyproject.toml
      hash: md5
      md5: 4b5f4f14ebdc5a3b4c47bb6a5413d3db
      size: 1407
    outs:
    - path: out/prepare_pile10k_cache
      hash: md5
      md5: 284f1404d5ce6e7aeefbbeab013234bc
      size: 118745867
  collect_kfac:
    cmd: python data/collect_kfac_bergson.py --model allenai/OLMo-2-1124-7B 
      --save_dir out/collect_kfac/bergson/7b --device cuda --dtype bfloat16 
      --corpus dolmo --nbytes 100000000 --seq_len 512 --target_blocks 23 24 25 
      --layers_per_pass 3 --batch_size 36 --method kfac --calibration_mix 
      dolmino_50B --sample_labels --fsdp --world_size 8
    deps:
    - path: data/collect_kfac_bergson.py
      hash: md5
      md5: 0b7b311a81e26288023bd9bbf786d589
      size: 8140
    - path: pyproject.toml
      hash: md5
      md5: 4b5f4f14ebdc5a3b4c47bb6a5413d3db
      size: 1407
    outs:
    - path: out/collect_kfac/bergson/7b
      hash: md5
      md5: 4deabffa14585eb53107ee990f56565d.dir
      size: 13179075196
      nfiles: 52
  baseline_cache:
    cmd: MEM_KFAC_CACHE_DIR=out/baseline_cache/7b/cache 
      MEM_EVAL_PT_CACHE=out/prepare_pile10k_cache python 
      evaluations/eval_mem_kfac.py --model-size 7b --results-tag baseline_7b 
      --results-dir metrics_out/baseline_cache/7b --only-baseline --baseline 
      out/baseline_cache/7b --perplexity --bs 96
    deps:
    - path: data/baseline_generator.py
      hash: md5
      md5: 597d67f3631eeb45059dcf12014ad606
      size: 11894
    - path: data/pile10k_None.txt
      hash: md5
      md5: 1574c0e28ff0313dc8ee4b2342c6943a
      size: 61084719
    - path: evaluations/eval_mem_kfac.py
      hash: md5
      md5: b0ce591761a09a00ed60e801dc45e103
      size: 45394
    - path: metrics/
      hash: md5
      md5: 09bafa932719557855e7534ecc6a4322.dir
      size: 76907
      nfiles: 7
    - path: out/prepare_pile10k_cache
      hash: md5
      md5: 284f1404d5ce6e7aeefbbeab013234bc
      size: 118745867
    outs:
    - path: metrics_out/baseline_cache/7b/baseline_eval_log_7b_baseline_7b.jsonl
      hash: md5
      md5: b1406d80bdcf9591c0cab7c994bba198
      size: 1040
    - path: out/baseline_cache/7b
      hash: md5
      md5: cca959fdd82551b9d4a03d0e1d827ae5.dir
      size: 7979400
      nfiles: 1
  eval_kfac:
    cmd: "MEM_KFAC_FACTORS_ROOT=out/collect_kfac/bergson/7b MEM_KFAC_CACHE_DIR=out/eval_kfac/bergson/7b/cache
      MEM_EVAL_PT_CACHE=out/prepare_pile10k_cache MEM_EVAL_EDITED_ROOT=out/eval_kfac/bergson/7b/model
      python evaluations/eval_mem_kfac.py --model-size 7b --results-tag 7b --results-dir
      metrics_out/eval_kfac/bergson/7b --use-cache --refresh-cache --perplexity --skip-baseline
      --baseline out/baseline_cache/7b --layers-json '{\"23\": {\"gate\": 0.8, \"\
      up\": 0.8, \"down\": 1.0}, \"24\": {\"gate\": 0.8, \"up\": 0.8, \"down\": 1.0},
      \"25\": {\"gate\": 0.8, \"up\": 0.8, \"down\": 1.0}}' --bs 96 --bergson-factors
      out/collect_kfac/bergson/7b  --weight-coefficients    --corrections-from /home/guillaume/memorization_kfac/out/aux/synth_coupled_dolmino "
    deps:
    - path: data/pile10k_None.txt
      hash: md5
      md5: 1574c0e28ff0313dc8ee4b2342c6943a
      size: 61084719
    - path: evaluations/eval_mem_kfac.py
      hash: md5
      md5: b0ce591761a09a00ed60e801dc45e103
      size: 45394
    - path: kfac_treatment_pairwise.py
      hash: md5
      md5: e05c25b5a5435785f1b1eaa11a3e15d8
      size: 29062
    - path: metrics/
      hash: md5
      md5: 09bafa932719557855e7534ecc6a4322.dir
      size: 76907
      nfiles: 7
    - path: out/baseline_cache/7b
      hash: md5
      md5: cca959fdd82551b9d4a03d0e1d827ae5.dir
      size: 7979400
      nfiles: 1
    - path: out/collect_kfac/bergson/7b
      hash: md5
      md5: 4deabffa14585eb53107ee990f56565d.dir
      size: 13179075196
      nfiles: 52
    - path: out/prepare_pile10k_cache
      hash: md5
      md5: 284f1404d5ce6e7aeefbbeab013234bc
      size: 118745867
    outs:
    - path: metrics_out/eval_kfac/bergson/7b/kfac_eval_log_7b_7b.jsonl
      hash: md5
      md5: 3e2e7d7d296d7b7b6d2d67e353ffa052
      size: 1216
    - path: out/eval_kfac/bergson/7b
      hash: md5
      md5: b9ce54385c60f29535aad78c07dad9f4.dir
      size: 15145495540
      nfiles: 11
  benchmark:
    cmd: PYTORCH_CUDA_ALLOC_CONF=expandable_segments:True uvx --python 3.11 
      --from "ai2-olmes[gpu] @ 
      git+https://github.com/BrownianNotion/olmes.git@362c59dbbf5d250e2d2fc88a74e633b4a6da215a"
      --with setuptools==80.10.2 --with torchao==0.17.0 olmes --model 
      out/eval_kfac/bergson/7b/model --task gsm8k::olmes --batch-size 28 
      --output-dir out/benchmark/bergson/7b/gsm8k::olmes && python 
      evaluations/extract_olmes_metrics.py 
      out/benchmark/bergson/7b/gsm8k::olmes/metrics.json 
      metrics_out/benchmark/bergson/7b/gsm8k::olmes.json
    deps:
    - path: out/eval_kfac/bergson/7b
      hash: md5
      md5: b9ce54385c60f29535aad78c07dad9f4.dir
      size: 15145495540
      nfiles: 11
    outs:
    - path: metrics_out/benchmark/bergson/7b/gsm8k::olmes.json
      hash: md5
      md5: 2635d4c4d814763275088eeb07630833
      size: 36
    - path: out/benchmark/bergson/7b/gsm8k::olmes
      hash: md5
      md5: ea6318fcb37cf09b98f4bf027947d307.dir
      size: 7250907
      nfiles: 6
